{
  "name": "@is-(unknown)/is-nil",
  "version": "1.0.0",
  "lockfileVersion": 3,
  "requires": true,
  "packages": {
    "": {
      "name": "@is-(unknown)/is-nil",
      "version": "1.0.0",
      "license": "MIT",
      "dependencies": {
        "aply": "^0.9.0",
        "is-nil-x": "^1.4.2"
      }
    },
    "node_modules/aply": {
      "version": "0.9.0",
      "resolved": "https://registry.npmjs.org/aply/-/aply-0.9.0.tgz",
      "integrity": "sha512-jCFlitCK+3kkLkKYm+ZLvEFKuN9Wh5N1Yme5jyc0tBWwIFVVlFvA4U3zh6iaAN4xJhqJRY9Q2VZ3cFRMJBqhNQ==",
      "license": "MIT",
      "dependencies": {
        "babel-runtime": "^6.25.0",
        "parlev": "^0.3.0",
        "shft": "^0.5.0",
        "wichevr": "^0.14.0",
        "zelf": "^0.14.0"
      }
    },
    "node_modules/arid": {
      "version": "0.30.0",
      "resolved": "https://registry.npmjs.org/arid/-/arid-0.30.0.tgz",
      "integrity": "sha512-zxUFvI9wFuikYchv89sPEnocq6BWVML6CdfxvKRlEJv52Q8o+WQk+BCTr12YJ1pSU2E3F7yAzH+lTpycAcTTqg==",
      "license": "MIT",
      "dependencies": {
        "arkount": "^0.12.0",
        "babel-runtime": "^6.23.0"
      }
    },
    "node_modules/arkount": {
      "version": "0.12.0",
      "resolved": "https://registry.npmjs.org/arkount/-/arkount-0.12.0.tgz",
      "integrity": "sha512-X+JDBtwbvQ5OSjxGO7fXTkpF3rsS7PgonPcmcPQ4YrgmpVHHwBgY6vbJwBYERfSQpbXKyx083HqnhTMVkkzi8A==",
      "license": "MIT",
      "dependencies": {
        "babel-runtime": "^6.23.0",
        "raze": "^0.34.0",
        "truly": "^0.20.0"
      }
    },
    "node_modules/asea": {
      "version": "0.16.0",
      "resolved": "https://registry.npmjs.org/asea/-/asea-0.16.0.tgz",
      "integrity": "sha512-vaL0f6Ice9Y6R/RKy0En/pnRNXVCzIpBQTKinhgXrFLhfuPtKh2l55TwbiIkgyQFZlxlhP7Ike91tKbIj3JELg==",
      "license": "MIT",
      "dependencies": {
        "babel-runtime": "^6.23.0",
        "harden": "^0.23.0"
      }
    },
    "node_modules/babel-runtime": {
      "version": "6.26.0",
      "resolved": "https://registry.npmjs.org/babel-runtime/-/babel-runtime-6.26.0.tgz",
      "integrity": "sha512-ITKNuq2wKlW1fJg9sSW52eepoYgZBggvOAHC0u/CYu/qxQ9EVzThCgR69BnSXLHjy2f7SY5zaQ4yt7H9ZVxY2g==",
      "license": "MIT",
      "dependencies": {
        "core-js": "^2.4.0",
        "regenerator-runtime": "^0.11.0"
      }
    },
    "node_modules/cemento": {
      "version": "0.17.0",
      "resolved": "https://registry.npmjs.org/cemento/-/cemento-0.17.0.tgz",
      "integrity": "sha512-WoclbvzFU6iUwDUoiw8jNZ1eINTnLNxQdzIwWg0Wd8mgml11gyiAmieFFVUh8gE+gzGvXNxAwfR9CXxHs24LHg==",
      "license": "MIT",
      "dependencies": {
        "babel-runtime": "^6.23.0",
        "harden": "^0.23.0",
        "kount": "^0.12.0"
      }
    },
    "node_modules/core-js": {
      "version": "2.6.12",
      "resolved": "https://registry.npmjs.org/core-js/-/core-js-2.6.12.tgz",
      "integrity": "sha512-Kb2wC0fvsWfQrgk8HU5lW6U/Lcs8+9aaYcy4ZFc6DDlo4nZ7n70dEgE5rtR0oG6ufKDUnrwfWL1mXR5ljDatrQ==",
      "deprecated": "core-js@<3.23.3 is no longer maintained and not recommended for usage due to the number of issues. Because of the V8 engine whims, feature detection in old core-js versions could cause a slowdown up to 100x even if nothing is polyfilled. Some versions have web compatibility issues. Please, upgrade your dependencies to the actual version of core-js.",
      "hasInstallScript": true,
      "license": "MIT"
    },
    "node_modules/doubt": {
      "version": "0.34.0",
      "resolved": "https://registry.npmjs.org/doubt/-/doubt-0.34.0.tgz",
      "integrity": "sha512-x6ptka4Vzk6quQBQTy/dm8+RnyroMTal73KmkwfUGkXWJ7jBOSD7uI+ug3Oqb6PUrGEEqZb5eqWsUFth4w8C2Q==",
      "license": "MIT",
      "dependencies": {
        "babel-runtime": "^6.23.0",
        "cemento": "^0.17.0",
        "falzy": "^0.23.0",
        "harden": "^0.23.0",
        "stringe": "^0.5.0",
        "truly": "^0.20.0"
      }
    },
    "node_modules/falzy": {
      "version": "0.23.0",
      "resolved": "https://registry.npmjs.org/falzy/-/falzy-0.23.0.tgz",
      "integrity": "sha512-hl92EF/w/hyUwOi5poe41B4HcPk2fw+mQcIDkmskrfW4gDPlCetZhJBHyW8sDdNpLZm1T6Qmj/NS7DCNwaadkg==",
      "license": "MIT",
      "dependencies": {
        "babel-runtime": "^6.23.0"
      }
    },
    "node_modules/firs": {
      "version": "0.4.0",
      "resolved": "https://registry.npmjs.org/firs/-/firs-0.4.0.tgz",
      "integrity": "sha512-fao83wULqRgN2tvg1F2ROpEM+67qFxrBNexoY9d6IMl3FwigBFpwk7Kqqv4EB1UHsLG0dgsKQae5vxCCrL8IrQ==",
      "license": "MIT",
      "dependencies": {
        "babel-runtime": "^6.23.0",
        "falzy": "^0.23.0",
        "raze": "^0.34.0",
        "truly": "^0.20.0"
      }
    },
    "node_modules/harden": {
      "version": "0.23.0",
      "resolved": "https://registry.npmjs.org/harden/-/harden-0.23.0.tgz",
      "integrity": "sha512-SBdCRBcYUfzCLCCyVFCURWA+mgv0PTj9Ie+pqxPBHLlrGNkN+g54kjDaJfQJLfyOX5f4/bj5ly33ym/FT3vgRA==",
      "license": "MIT",
      "dependencies": {
        "babel-runtime": "^6.23.0"
      }
    },
    "node_modules/is-nil-x": {
      "version": "1.4.2",
      "resolved": "https://registry.npmjs.org/is-nil-x/-/is-nil-x-1.4.2.tgz",
      "integrity": "sha512-9aDY7ir7IGb5HlgqL+b38v2YMxf8S7MEHHxjHGzUhijg2crq47RKdxL37bS6dU0VN87wy2IBZP4akgQtIXmyvg==",
      "license": "MIT",
      "dependencies": {
        "lodash.isnull": "^3.0.0",
        "validate.io-undefined": "^1.0.3"
      },
      "engines": {
        "node": "*"
      }
    },
    "node_modules/kount": {
      "version": "0.12.0",
      "resolved": "https://registry.npmjs.org/kount/-/kount-0.12.0.tgz",
      "integrity": "sha512-vQvgWKJYZRDIqi9joIkX1bHQwvcjQTVEG0+z3ypBm9S0kdf5AeQ2RNJSBcQyxqD96aTOAjOGQQy2ARo0LK4yzA==",
      "license": "MIT",
      "dependencies": {
        "babel-runtime": "^6.23.0"
      }
    },
    "node_modules/lodash.isnull": {
      "version": "3.0.0",
      "resolved": "https://registry.npmjs.org/lodash.isnull/-/lodash.isnull-3.0.0.tgz",
      "integrity": "sha512-9D6/H5PSHfhyPwZerI9J5hKBaXayxhVy7gt6OBAsXv8XBm+i107KqG99AoeIJObC6uCnVwp1LM7Ww1DKYYIKog==",
      "license": "MIT"
    },
    "node_modules/parlev": {
      "version": "0.3.0",
      "resolved": "https://registry.npmjs.org/parlev/-/parlev-0.3.0.tgz",
      "integrity": "sha512-2ZTK0OBsnbUz9QhZwnu8+IfadIsgLyiku0HvNliqiGv42B5xQxYHBh941Ta6EMOnp3gs5aW10M15xzVKfPPD6w==",
      "license": "MIT",
      "dependencies": {
        "arid": "^0.30.0",
        "arkount": "^0.12.0",
        "babel-runtime": "^6.25.0",
        "doubt": "^0.34.0",
        "falzy": "^0.23.0",
        "firs": "^0.4.0",
        "raze": "^0.34.0"
      }
    },
    "node_modules/raze": {
      "version": "0.34.0",
      "resolved": "https://registry.npmjs.org/raze/-/raze-0.34.0.tgz",
      "integrity": "sha512-wibk6CQPDcpVSfxMRI92EBy9QaW6DElNVtQ+qhnOcukRJhfLPFPbeT+//rP/y8H9wLnAQSXiXu4lmvzfrFZkUQ==",
      "license": "MIT",
      "dependencies": {
        "babel-runtime": "^6.23.0"
      }
    },
    "node_modules/regenerator-runtime": {
      "version": "0.11.1",
      "resolved": "https://registry.npmjs.org/regenerator-runtime/-/regenerator-runtime-0.11.1.tgz",
      "integrity": "sha512-MguG95oij0fC3QV3URf4V2SDYGJhJnJGqvIIgdECeODCT98wSWDAJ94SSuVpYQUoTcGUIL6L4yNB7j1DFFHSBg==",
      "license": "MIT"
    },
    "node_modules/shft": {
      "version": "0.5.0",
      "resolved": "https://registry.npmjs.org/shft/-/shft-0.5.0.tgz",
      "integrity": "sha512-XYnUHZFS3QSeY05kgCCYPfoP+wSJnjKtvEoFi1ZY8VrSRwrpJX48iCNdZviuffxOEppH7cHXYo2fYWHcTjHVFg==",
      "license": "MIT",
      "dependencies": {
        "arid": "^0.30.0",
        "babel-runtime": "^6.23.0",
        "raze": "^0.34.0"
      }
    },
    "node_modules/stringe": {
      "version": "0.5.0",
      "resolved": "https://registry.npmjs.org/stringe/-/stringe-0.5.0.tgz",
      "integrity": "sha512-nptpLP07JLuepG/A0usZ5MC0jkWm1z8x2TUldNM7LXUHtGakOaAI/Ib0y9STg4SxkDj9m5mrelrhIDOxJi7fHw==",
      "license": "MIT",
      "dependencies": {
        "babel-runtime": "^6.23.0"
      }
    },
    "node_modules/truly": {
      "version": "0.20.0",
      "resolved": "https://registry.npmjs.org/truly/-/truly-0.20.0.tgz",
      "integrity": "sha512-L+9yyHRDygHAHqWiIFKqYyg5/ese7zmDBhyrbPtsLxJLkmS9GHgLpCPlZE33ODUXGgRVn9yoXT28KWbF1WUMtA==",
      "license": "MIT",
      "dependencies": {
        "babel-runtime": "^6.23.0"
      }
    },
    "node_modules/validate.io-undefined": {
      "version": "1.0.3",
      "resolved": "https://registry.npmjs.org/validate.io-undefined/-/validate.io-undefined-1.0.3.tgz",
      "integrity": "sha512-1f+1CWE7oVr/d6AmziF188jCPx9mcib80R6iMYdc6hZp2H8clWYohY53HEWgLG557uVe7S/w/CyD3i6TpoK52Q=="
    },
    "node_modules/wichevr": {
      "version": "0.14.0",
      "resolved": "https://registry.npmjs.org/wichevr/-/wichevr-0.14.0.tgz",
      "integrity": "sha512-3aY+RXw/nY1gv8zPKP7mmgsYfXl95VSwcTDsyGnLoDw/QtNBtMk8971u620kwG/rkz+NzQ3AUUFvvgcViRxDYw==",
      "license": "MIT",
      "dependencies": {
        "babel-runtime": "^6.23.0",
        "raze": "^0.34.0",
        "truly": "^0.20.0"
      }
    },
    "node_modules/zelf": {
      "version": "0.14.0",
      "resolved": "https://registry.npmjs.org/zelf/-/zelf-0.14.0.tgz",
      "integrity": "sha512-nKgA9Fe0ogTt+QRa+8fFneYZsKHr7+uH7Id7D1sQNMVkDh+0dMtJPN8jyllM3g5PbmGX+LnYyNWrDNt32VcD7w==",
      "license": "MIT",
      "dependencies": {
        "asea": "^0.16.0",
        "babel-runtime": "^6.23.0"
      }
    }
  }
}
