{
  "name": "@is-(unknown)/is-nil",
  "version": "1.0.0",
  "lockfileVersion": 3,
  "requires": true,
  "packages": {
    "": {
      "name": "@is-(unknown)/is-nil",
      "version": "1.0.0",
      "license": "MIT",
      "dependencies": {
        "@is-(unknown)/is-null": "^1.2.0",
        "@is-(unknown)/is-undefined": "^1.2.0"
      }
    },
    "node_modules/@is-(unknown)/is-null": {
      "version": "1.2.0",
      "resolved": "https://registry.npmjs.org/@is-(unknown)/is-null/-/is-null-1.2.0.tgz",
      "integrity": "sha512-GfMPorSUWt8p/MhvOrokksL/GXS5RdXkomFy0LjyBTeWdThlQQZJwinOZj4BgtRQr8lHcbXj5o8vJAuT/LAuOQ==",
      "license": "MIT",
      "dependencies": {
        "@technically/is-not-null": "^1.0.0"
      }
    },
    "node_modules/@is-(unknown)/is-undefined": {
      "version": "1.2.0",
      "resolved": "https://registry.npmjs.org/@is-(unknown)/is-undefined/-/is-undefined-1.2.0.tgz",
      "integrity": "sha512-o7115bDDNY3kJC/g7sD4Ken9a0VDYcb8tf/6UKCg7LoJhi/HA4NaAgatyIV5kBb98ghaIjkLjg7Pui5FFmvTXg==",
      "license": "MIT",
      "dependencies": {
        "@technically/is-not-undefined": "^1.0.0"
      }
    },
    "node_modules/@technically/is-not-null": {
      "version": "1.0.0",
      "resolved": "https://registry.npmjs.org/@technically/is-not-null/-/is-not-null-1.0.0.tgz",
      "integrity": "sha512-xXByx6XiD3gf04/nyuQkVu3KkLcb1L5O6eg3i5re3ksvmMkXlEXlabs36tPjEkY+fUOrcCYFBN82i/saHOHH1g==",
      "license": "MIT"
    },
    "node_modules/@technically/is-not-undefined": {
      "version": "1.0.0",
      "resolved": "https://registry.npmjs.org/@technically/is-not-undefined/-/is-not-undefined-1.0.0.tgz",
      "integrity": "sha512-owLetC1M6l/zWq1ERIDlHuPWeUrg6tuBMhId8SdRckRUoTwIni7MVfZAyZ9h7PppRrHgd/V+1pR/hhwbJHaP2Q==",
      "license": "MIT"
    }
  }
}
